
Microsoft Visual Studio Solution File, Format Version 12.00
# Visual Studio Version 16
VisualStudioVersion = 16.0.30128.74
MinimumVisualStudioVersion = 10.0.40219.1
Project("{FAE04EC0-301F-11D3-BF4B-00C04F79EFBC}") = "Codility06.2", "Codility06.2\Codility06.2.csproj", "{237DBFD9-12AE-4999-B89C-7F59043C0C67}"
EndProject
Global
	GlobalSection(SolutionConfigurationPlatforms) = preSolution
		Debug|Any CPU = Debug|Any CPU
		Release|Any CPU = Release|Any CPU
	EndGlobalSection
	GlobalSection(ProjectConfigurationPlatforms) = postSolution
		{237DBFD9-12AE-4999-B89C-7F59043C0C67}.Debug|Any CPU.ActiveCfg = Debug|Any CPU
		{237DBFD9-12AE-4999-B89C-7F59043C0C67}.Debug|Any CPU.Build.0 = Debug|Any CPU
		{237DBFD9-12AE-4999-B89C-7F59043C0C67}.Release|Any CPU.ActiveCfg = Release|Any CPU
		{237DBFD9-12AE-4999-B89C-7F59043C0C67}.Release|Any CPU.Build.0 = Release|Any CPU
	EndGlobalSection
	GlobalSection(SolutionProperties) = preSolution
		HideSolutionNode = FALSE
	EndGlobalSection
	GlobalSection(ExtensibilityGlobals) = postSolution
		SolutionGuid = {44809BFC-F53F-4D03-BBA4-487B059AB74E}
	EndGlobalSection
EndGlobal
